// !$*UTF8*$!
{
	archiveVersion = 1;
	classes = {
	};
	objectVersion = 56;
	objects = {

/* Begin PBXBuildFile section */
		40A7A35A2AA6F9CB0037A258 /* iOSFamilyHubApp.swift in Sources */ = {isa = PBXBuildFile; fileRef = 40A7A3592AA6F9CB0037A258 /* iOSFamilyHubApp.swift */; };
		40A7A35C2AA6F9CB0037A258 /* ContentView.swift in Sources */ = {isa = PBXBuildFile; fileRef = 40A7A35B2AA6F9CB0037A258 /* ContentView.swift */; };
		40A7A35E2AA6F9CB0037A258 /* Assets.xcassets in Resources */ = {isa = PBXBuildFile; fileRef = 40A7A35D2AA6F9CB0037A258 /* Assets.xcassets */; };
		40A7A3622AA6F9CB0037A258 /* Preview Assets.xcassets in Resources */ = {isa = PBXBuildFile; fileRef = 40A7A3612AA6F9CB0037A258 /* Preview Assets.xcassets */; };
		40A7A36A2AA6FDB60037A258 /* JsonBundle.swift in Sources */ = {isa = PBXBuildFile; fileRef = 40A7A3692AA6FDB60037A258 /* JsonBundle.swift */; };
		40A7A36F2AA6FF240037A258 /* Post.swift in Sources */ = {isa = PBXBuildFile; fileRef = 40A7A36E2AA6FF240037A258 /* Post.swift */; };
		40A7A3712AA808940037A258 /* PostViewModel.swift in Sources */ = {isa = PBXBuildFile; fileRef = 40A7A3702AA808940037A258 /* PostViewModel.swift */; };
		40A7A3752AA809610037A258 /* HomePageView.swift in Sources */ = {isa = PBXBuildFile; fileRef = 40A7A3742AA809610037A258 /* HomePageView.swift */; };
		40A7A3772AA8214A0037A258 /* ShareView.swift in Sources */ = {isa = PBXBuildFile; fileRef = 40A7A3762AA8214A0037A258 /* ShareView.swift */; };
		40A7A3792AA82BF60037A258 /* post_db.json in Resources */ = {isa = PBXBuildFile; fileRef = 40A7A3782AA82BF60037A258 /* post_db.json */; };
		40A7A37B2AA8332B0037A258 /* PostDetailView.swift in Sources */ = {isa = PBXBuildFile; fileRef = 40A7A37A2AA8332B0037A258 /* PostDetailView.swift */; };
		40A7A37E2AA835050037A258 /* 1.JPG in Resources */ = {isa = PBXBuildFile; fileRef = 40A7A37D2AA835050037A258 /* 1.JPG */; };
		40A7A3802AA8A2F30037A258 /* SettingsView.swift in Sources */ = {isa = PBXBuildFile; fileRef = 40A7A37F2AA8A2F30037A258 /* SettingsView.swift */; };
		40A7A3822AA8A3220037A258 /* ApplicationViewModel.swift in Sources */ = {isa = PBXBuildFile; fileRef = 40A7A3812AA8A3220037A258 /* ApplicationViewModel.swift */; };
		40CAFFE72AA9F93500142824 /* LoginPage.swift in Sources */ = {isa = PBXBuildFile; fileRef = 40CAFFE62AA9F93500142824 /* LoginPage.swift */; };
		40CAFFE92AB14D8E00142824 /* EventsView.swift in Sources */ = {isa = PBXBuildFile; fileRef = 40CAFFE82AB14D8E00142824 /* EventsView.swift */; };
		40CAFFEE2AB1506400142824 /* CardView.swift in Sources */ = {isa = PBXBuildFile; fileRef = 40CAFFED2AB1506400142824 /* CardView.swift */; };
		40CAFFF02AB1579100142824 /* Event.swift in Sources */ = {isa = PBXBuildFile; fileRef = 40CAFFEF2AB1579100142824 /* Event.swift */; };
		40CAFFF22AB1585300142824 /* EventViewModel.swift in Sources */ = {isa = PBXBuildFile; fileRef = 40CAFFF12AB1585300142824 /* EventViewModel.swift */; };
		40CAFFF42AB15A9800142824 /* ActionButton.swift in Sources */ = {isa = PBXBuildFile; fileRef = 40CAFFF32AB15A9800142824 /* ActionButton.swift */; };
		40CAFFF62AB15B4B00142824 /* NewEventView.swift in Sources */ = {isa = PBXBuildFile; fileRef = 40CAFFF52AB15B4B00142824 /* NewEventView.swift */; };
/* End PBXBuildFile section */

/* Begin PBXFileReference section */
		40A7A3562AA6F9CB0037A258 /* iOSFamilyHub.app */ = {isa = PBXFileReference; explicitFileType = wrapper.application; includeInIndex = 0; path = iOSFamilyHub.app; sourceTree = BUILT_PRODUCTS_DIR; };
		40A7A3592AA6F9CB0037A258 /* iOSFamilyHubApp.swift */ = {isa = PBXFileReference; lastKnownFileType = sourcecode.swift; path = iOSFamilyHubApp.swift; sourceTree = "<group>"; };
		40A7A35B2AA6F9CB0037A258 /* ContentView.swift */ = {isa = PBXFileReference; lastKnownFileType = sourcecode.swift; path = ContentView.swift; sourceTree = "<group>"; };
		40A7A35D2AA6F9CB0037A258 /* Assets.xcassets */ = {isa = PBXFileReference; lastKnownFileType = folder.assetcatalog; path = Assets.xcassets; sourceTree = "<group>"; };
		40A7A35F2AA6F9CB0037A258 /* iOSFamilyHub.entitlements */ = {isa = PBXFileReference; lastKnownFileType = text.plist.entitlements; path = iOSFamilyHub.entitlements; sourceTree = "<group>"; };
		40A7A3612AA6F9CB0037A258 /* Preview Assets.xcassets */ = {isa = PBXFileReference; lastKnownFileType = folder.assetcatalog; path = "Preview Assets.xcassets"; sourceTree = "<group>"; };
		40A7A3692AA6FDB60037A258 /* JsonBundle.swift */ = {isa = PBXFileReference; lastKnownFileType = sourcecode.swift; path = JsonBundle.swift; sourceTree = "<group>"; };
		40A7A36E2AA6FF240037A258 /* Post.swift */ = {isa = PBXFileReference; lastKnownFileType = sourcecode.swift; path = Post.swift; sourceTree = "<group>"; };
		40A7A3702AA808940037A258 /* PostViewModel.swift */ = {isa = PBXFileReference; lastKnownFileType = sourcecode.swift; path = PostViewModel.swift; sourceTree = "<group>"; };
		40A7A3742AA809610037A258 /* HomePageView.swift */ = {isa = PBXFileReference; lastKnownFileType = sourcecode.swift; path = HomePageView.swift; sourceTree = "<group>"; };
		40A7A3762AA8214A0037A258 /* ShareView.swift */ = {isa = PBXFileReference; lastKnownFileType = sourcecode.swift; path = ShareView.swift; sourceTree = "<group>"; };
		40A7A3782AA82BF60037A258 /* post_db.json */ = {isa = PBXFileReference; lastKnownFileType = text.json; path = post_db.json; sourceTree = "<group>"; };
		40A7A37A2AA8332B0037A258 /* PostDetailView.swift */ = {isa = PBXFileReference; lastKnownFileType = sourcecode.swift; path = PostDetailView.swift; sourceTree = "<group>"; };
		40A7A37D2AA835050037A258 /* 1.JPG */ = {isa = PBXFileReference; lastKnownFileType = image.jpeg; path = 1.JPG; sourceTree = "<group>"; };
		40A7A37F2AA8A2F30037A258 /* SettingsView.swift */ = {isa = PBXFileReference; lastKnownFileType = sourcecode.swift; path = SettingsView.swift; sourceTree = "<group>"; };
		40A7A3812AA8A3220037A258 /* ApplicationViewModel.swift */ = {isa = PBXFileReference; lastKnownFileType = sourcecode.swift; path = ApplicationViewModel.swift; sourceTree = "<group>"; };
		40CAFFE62AA9F93500142824 /* LoginPage.swift */ = {isa = PBXFileReference; lastKnownFileType = sourcecode.swift; path = LoginPage.swift; sourceTree = "<group>"; };
		40CAFFE82AB14D8E00142824 /* EventsView.swift */ = {isa = PBXFileReference; lastKnownFileType = sourcecode.swift; path = EventsView.swift; sourceTree = "<group>"; };
		40CAFFED2AB1506400142824 /* CardView.swift */ = {isa = PBXFileReference; lastKnownFileType = sourcecode.swift; path = CardView.swift; sourceTree = "<group>"; };
		40CAFFEF2AB1579100142824 /* Event.swift */ = {isa = PBXFileReference; lastKnownFileType = sourcecode.swift; path = Event.swift; sourceTree = "<group>"; };
		40CAFFF12AB1585300142824 /* EventViewModel.swift */ = {isa = PBXFileReference; lastKnownFileType = sourcecode.swift; path = EventViewModel.swift; sourceTree = "<group>"; };
		40CAFFF32AB15A9800142824 /* ActionButton.swift */ = {isa = PBXFileReference; lastKnownFileType = sourcecode.swift; path = ActionButton.swift; sourceTree = "<group>"; };
		40CAFFF52AB15B4B00142824 /* NewEventView.swift */ = {isa = PBXFileReference; lastKnownFileType = sourcecode.swift; path = NewEventView.swift; sourceTree = "<group>"; };
/* End PBXFileReference section */

/* Begin PBXFrameworksBuildPhase section */
		40A7A3532AA6F9CB0037A258 /* Frameworks */ = {
			isa = PBXFrameworksBuildPhase;
			buildActionMask = 2147483647;
			files = (
			);
			runOnlyForDeploymentPostprocessing = 0;
		};
/* End PBXFrameworksBuildPhase section */

/* Begin PBXGroup section */
		40A7A34D2AA6F9CA0037A258 = {
			isa = PBXGroup;
			children = (
				40A7A3582AA6F9CB0037A258 /* iOSFamilyHub */,
				40A7A3572AA6F9CB0037A258 /* Products */,
			);
			sourceTree = "<group>";
		};
		40A7A3572AA6F9CB0037A258 /* Products */ = {
			isa = PBXGroup;
			children = (
				40A7A3562AA6F9CB0037A258 /* iOSFamilyHub.app */,
			);
			name = Products;
			sourceTree = "<group>";
		};
		40A7A3582AA6F9CB0037A258 /* iOSFamilyHub */ = {
			isa = PBXGroup;
			children = (
				40A7A37C2AA8340F0037A258 /* Images */,
				40A7A36D2AA6FDE40037A258 /* Model */,
				40A7A36C2AA6FDDA0037A258 /* View */,
				40A7A36B2AA6FDD40037A258 /* ViewModel */,
				40A7A3682AA6FD8C0037A258 /* Extensions */,
				40A7A3592AA6F9CB0037A258 /* iOSFamilyHubApp.swift */,
				40A7A35B2AA6F9CB0037A258 /* ContentView.swift */,
				40A7A35D2AA6F9CB0037A258 /* Assets.xcassets */,
				40A7A35F2AA6F9CB0037A258 /* iOSFamilyHub.entitlements */,
				40A7A3602AA6F9CB0037A258 /* Preview Content */,
			);
			path = iOSFamilyHub;
			sourceTree = "<group>";
		};
		40A7A3602AA6F9CB0037A258 /* Preview Content */ = {
			isa = PBXGroup;
			children = (
				40A7A3612AA6F9CB0037A258 /* Preview Assets.xcassets */,
			);
			path = "Preview Content";
			sourceTree = "<group>";
		};
		40A7A3682AA6FD8C0037A258 /* Extensions */ = {
			isa = PBXGroup;
			children = (
				40A7A3692AA6FDB60037A258 /* JsonBundle.swift */,
			);
			path = Extensions;
			sourceTree = "<group>";
		};
		40A7A36B2AA6FDD40037A258 /* ViewModel */ = {
			isa = PBXGroup;
			children = (
				40A7A3702AA808940037A258 /* PostViewModel.swift */,
				40CAFFF12AB1585300142824 /* EventViewModel.swift */,
				40A7A3812AA8A3220037A258 /* ApplicationViewModel.swift */,
			);
			path = ViewModel;
			sourceTree = "<group>";
		};
		40A7A36C2AA6FDDA0037A258 /* View */ = {
			isa = PBXGroup;
			children = (
				40CAFFEC2AB1505900142824 /* Components */,
				40A7A3742AA809610037A258 /* HomePageView.swift */,
				40A7A3762AA8214A0037A258 /* ShareView.swift */,
				40A7A37A2AA8332B0037A258 /* PostDetailView.swift */,
				40A7A37F2AA8A2F30037A258 /* SettingsView.swift */,
				40CAFFE62AA9F93500142824 /* LoginPage.swift */,
				40CAFFE82AB14D8E00142824 /* EventsView.swift */,
				40CAFFF52AB15B4B00142824 /* NewEventView.swift */,
			);
			path = View;
			sourceTree = "<group>";
		};
		40A7A36D2AA6FDE40037A258 /* Model */ = {
			isa = PBXGroup;
			children = (
				40A7A36E2AA6FF240037A258 /* Post.swift */,
				40CAFFEF2AB1579100142824 /* Event.swift */,
				40A7A3782AA82BF60037A258 /* post_db.json */,
			);
			path = Model;
			sourceTree = "<group>";
		};
		40A7A37C2AA8340F0037A258 /* Images */ = {
			isa = PBXGroup;
			children = (
				40A7A37D2AA835050037A258 /* 1.JPG */,
			);
			path = Images;
			sourceTree = "<group>";
		};
		40CAFFEC2AB1505900142824 /* Components */ = {
			isa = PBXGroup;
			children = (
				40CAFFED2AB1506400142824 /* CardView.swift */,
				40CAFFF32AB15A9800142824 /* ActionButton.swift */,
			);
			path = Components;
			sourceTree = "<group>";
		};
/* End PBXGroup section */

/* Begin PBXNativeTarget section */
		40A7A3552AA6F9CB0037A258 /* iOSFamilyHub */ = {
			isa = PBXNativeTarget;
			buildConfigurationList = 40A7A3652AA6F9CB0037A258 /* Build configuration list for PBXNativeTarget "iOSFamilyHub" */;
			buildPhases = (
				40A7A3522AA6F9CB0037A258 /* Sources */,
				40A7A3532AA6F9CB0037A258 /* Frameworks */,
				40A7A3542AA6F9CB0037A258 /* Resources */,
			);
			buildRules = (
			);
			dependencies = (
			);
			name = iOSFamilyHub;
			productName = iOSFamilyHub;
			productReference = 40A7A3562AA6F9CB0037A258 /* iOSFamilyHub.app */;
			productType = "com.apple.product-type.application";
		};
/* End PBXNativeTarget section */

/* Begin PBXProject section */
		40A7A34E2AA6F9CA0037A258 /* Project object */ = {
			isa = PBXProject;
			attributes = {
				BuildIndependentTargetsInParallel = 1;
				LastSwiftUpdateCheck = 1430;
				LastUpgradeCheck = 1430;
				TargetAttributes = {
					40A7A3552AA6F9CB0037A258 = {
						CreatedOnToolsVersion = 14.3;
					};
				};
			};
			buildConfigurationList = 40A7A3512AA6F9CA0037A258 /* Build configuration list for PBXProject "iOSFamilyHub" */;
			compatibilityVersion = "Xcode 14.0";
			developmentRegion = en;
			hasScannedForEncodings = 0;
			knownRegions = (
				en,
				Base,
			);
			mainGroup = 40A7A34D2AA6F9CA0037A258;
			productRefGroup = 40A7A3572AA6F9CB0037A258 /* Products */;
			projectDirPath = "";
			projectRoot = "";
			targets = (
				40A7A3552AA6F9CB0037A258 /* iOSFamilyHub */,
			);
		};
/* End PBXProject section */

/* Begin PBXResourcesBuildPhase section */
		40A7A3542AA6F9CB0037A258 /* Resources */ = {
			isa = PBXResourcesBuildPhase;
			buildActionMask = 2147483647;
			files = (
				40A7A3792AA82BF60037A258 /* post_db.json in Resources */,
				40A7A37E2AA835050037A258 /* 1.JPG in Resources */,
				40A7A3622AA6F9CB0037A258 /* Preview Assets.xcassets in Resources */,
				40A7A35E2AA6F9CB0037A258 /* Assets.xcassets in Resources */,
			);
			runOnlyForDeploymentPostprocessing = 0;
		};
/* End PBXResourcesBuildPhase section */

/* Begin PBXSourcesBuildPhase section */
		40A7A3522AA6F9CB0037A258 /* Sources */ = {
			isa = PBXSourcesBuildPhase;
			buildActionMask = 2147483647;
			files = (
				40A7A3712AA808940037A258 /* PostViewModel.swift in Sources */,
				40A7A3822AA8A3220037A258 /* ApplicationViewModel.swift in Sources */,
				40A7A36A2AA6FDB60037A258 /* JsonBundle.swift in Sources */,
				40A7A35C2AA6F9CB0037A258 /* ContentView.swift in Sources */,
				40A7A3802AA8A2F30037A258 /* SettingsView.swift in Sources */,
				40CAFFE72AA9F93500142824 /* LoginPage.swift in Sources */,
				40A7A37B2AA8332B0037A258 /* PostDetailView.swift in Sources */,
				40CAFFF62AB15B4B00142824 /* NewEventView.swift in Sources */,
				40CAFFF42AB15A9800142824 /* ActionButton.swift in Sources */,
				40CAFFEE2AB1506400142824 /* CardView.swift in Sources */,
				40A7A3772AA8214A0037A258 /* ShareView.swift in Sources */,
				40A7A35A2AA6F9CB0037A258 /* iOSFamilyHubApp.swift in Sources */,
				40A7A3752AA809610037A258 /* HomePageView.swift in Sources */,
				40A7A36F2AA6FF240037A258 /* Post.swift in Sources */,
				40CAFFF02AB1579100142824 /* Event.swift in Sources */,
				40CAFFF22AB1585300142824 /* EventViewModel.swift in Sources */,
				40CAFFE92AB14D8E00142824 /* EventsView.swift in Sources */,
			);
			runOnlyForDeploymentPostprocessing = 0;
		};
/* End PBXSourcesBuildPhase section */

/* Begin XCBuildConfiguration section */
		40A7A3632AA6F9CB0037A258 /* Debug */ = {
			isa = XCBuildConfiguration;
			buildSettings = {
				ALWAYS_SEARCH_USER_PATHS = NO;
				CLANG_ANALYZER_NONNULL = YES;
				CLANG_ANALYZER_NUMBER_OBJECT_CONVERSION = YES_AGGRESSIVE;
				CLANG_CXX_LANGUAGE_STANDARD = "gnu++20";
				CLANG_ENABLE_MODULES = YES;
				CLANG_ENABLE_OBJC_ARC = YES;
				CLANG_ENABLE_OBJC_WEAK = YES;
				CLANG_WARN_BLOCK_CAPTURE_AUTORELEASING = YES;
				CLANG_WARN_BOOL_CONVERSION = YES;
				CLANG_WARN_COMMA = YES;
				CLANG_WARN_CONSTANT_CONVERSION = YES;
				CLANG_WARN_DEPRECATED_OBJC_IMPLEMENTATIONS = YES;
				CLANG_WARN_DIRECT_OBJC_ISA_USAGE = YES_ERROR;
				CLANG_WARN_DOCUMENTATION_COMMENTS = YES;
				CLANG_WARN_EMPTY_BODY = YES;
				CLANG_WARN_ENUM_CONVERSION = YES;
				CLANG_WARN_INFINITE_RECURSION = YES;
				CLANG_WARN_INT_CONVERSION = YES;
				CLANG_WARN_NON_LITERAL_NULL_CONVERSION = YES;
				CLANG_WARN_OBJC_IMPLICIT_RETAIN_SELF = YES;
				CLANG_WARN_OBJC_LITERAL_CONVERSION = YES;
				CLANG_WARN_OBJC_ROOT_CLASS = YES_ERROR;
				CLANG_WARN_QUOTED_INCLUDE_IN_FRAMEWORK_HEADER = YES;
				CLANG_WARN_RANGE_LOOP_ANALYSIS = YES;
				CLANG_WARN_STRICT_PROTOTYPES = YES;
				CLANG_WARN_SUSPICIOUS_MOVE = YES;
				CLANG_WARN_UNGUARDED_AVAILABILITY = YES_AGGRESSIVE;
				CLANG_WARN_UNREACHABLE_CODE = YES;
				CLANG_WARN__DUPLICATE_METHOD_MATCH = YES;
				COPY_PHASE_STRIP = NO;
				DEBUG_INFORMATION_FORMAT = dwarf;
				ENABLE_STRICT_OBJC_MSGSEND = YES;
				ENABLE_TESTABILITY = YES;
				GCC_C_LANGUAGE_STANDARD = gnu11;
				GCC_DYNAMIC_NO_PIC = NO;
				GCC_NO_COMMON_BLOCKS = YES;
				GCC_OPTIMIZATION_LEVEL = 0;
				GCC_PREPROCESSOR_DEFINITIONS = (
					"DEBUG=1",
					"$(inherited)",
				);
				GCC_WARN_64_TO_32_BIT_CONVERSION = YES;
				GCC_WARN_ABOUT_RETURN_TYPE = YES_ERROR;
				GCC_WARN_UNDECLARED_SELECTOR = YES;
				GCC_WARN_UNINITIALIZED_AUTOS = YES_AGGRESSIVE;
				GCC_WARN_UNUSED_FUNCTION = YES;
				GCC_WARN_UNUSED_VARIABLE = YES;
				MTL_ENABLE_DEBUG_INFO = INCLUDE_SOURCE;
				MTL_FAST_MATH = YES;
				ONLY_ACTIVE_ARCH = YES;
				SWIFT_ACTIVE_COMPILATION_CONDITIONS = DEBUG;
				SWIFT_OPTIMIZATION_LEVEL = "-Onone";
			};
			name = Debug;
		};
		40A7A3642AA6F9CB0037A258 /* Release */ = {
			isa = XCBuildConfiguration;
			buildSettings = {
				ALWAYS_SEARCH_USER_PATHS = NO;
				CLANG_ANALYZER_NONNULL = YES;
				CLANG_ANALYZER_NUMBER_OBJECT_CONVERSION = YES_AGGRESSIVE;
				CLANG_CXX_LANGUAGE_STANDARD = "gnu++20";
				CLANG_ENABLE_MODULES = YES;
				CLANG_ENABLE_OBJC_ARC = YES;
				CLANG_ENABLE_OBJC_WEAK = YES;
				CLANG_WARN_BLOCK_CAPTURE_AUTORELEASING = YES;
				CLANG_WARN_BOOL_CONVERSION = YES;
				CLANG_WARN_COMMA = YES;
				CLANG_WARN_CONSTANT_CONVERSION = YES;
				CLANG_WARN_DEPRECATED_OBJC_IMPLEMENTATIONS = YES;
				CLANG_WARN_DIRECT_OBJC_ISA_USAGE = YES_ERROR;
				CLANG_WARN_DOCUMENTATION_COMMENTS = YES;
				CLANG_WARN_EMPTY_BODY = YES;
				CLANG_WARN_ENUM_CONVERSION = YES;
				CLANG_WARN_INFINITE_RECURSION = YES;
				CLANG_WARN_INT_CONVERSION = YES;
				CLANG_WARN_NON_LITERAL_NULL_CONVERSION = YES;
				CLANG_WARN_OBJC_IMPLICIT_RETAIN_SELF = YES;
				CLANG_WARN_OBJC_LITERAL_CONVERSION = YES;
				CLANG_WARN_OBJC_ROOT_CLASS = YES_ERROR;
				CLANG_WARN_QUOTED_INCLUDE_IN_FRAMEWORK_HEADER = YES;
				CLANG_WARN_RANGE_LOOP_ANALYSIS = YES;
				CLANG_WARN_STRICT_PROTOTYPES = YES;
				CLANG_WARN_SUSPICIOUS_MOVE = YES;
				CLANG_WARN_UNGUARDED_AVAILABILITY = YES_AGGRESSIVE;
				CLANG_WARN_UNREACHABLE_CODE = YES;
				CLANG_WARN__DUPLICATE_METHOD_MATCH = YES;
				COPY_PHASE_STRIP = NO;
				DEBUG_INFORMATION_FORMAT = "dwarf-with-dsym";
				ENABLE_NS_ASSERTIONS = NO;
				ENABLE_STRICT_OBJC_MSGSEND = YES;
				GCC_C_LANGUAGE_STANDARD = gnu11;
				GCC_NO_COMMON_BLOCKS = YES;
				GCC_WARN_64_TO_32_BIT_CONVERSION = YES;
				GCC_WARN_ABOUT_RETURN_TYPE = YES_ERROR;
				GCC_WARN_UNDECLARED_SELECTOR = YES;
				GCC_WARN_UNINITIALIZED_AUTOS = YES_AGGRESSIVE;
				GCC_WARN_UNUSED_FUNCTION = YES;
				GCC_WARN_UNUSED_VARIABLE = YES;
				MTL_ENABLE_DEBUG_INFO = NO;
				MTL_FAST_MATH = YES;
				SWIFT_COMPILATION_MODE = wholemodule;
				SWIFT_OPTIMIZATION_LEVEL = "-O";
			};
			name = Release;
		};
		40A7A3662AA6F9CB0037A258 /* Debug */ = {
			isa = XCBuildConfiguration;
			buildSettings = {
				ASSETCATALOG_COMPILER_APPICON_NAME = AppIcon;
				ASSETCATALOG_COMPILER_GLOBAL_ACCENT_COLOR_NAME = AccentColor;
				CODE_SIGN_ENTITLEMENTS = iOSFamilyHub/iOSFamilyHub.entitlements;
				CODE_SIGN_STYLE = Automatic;
				CURRENT_PROJECT_VERSION = 1;
				DEVELOPMENT_ASSET_PATHS = "\"iOSFamilyHub/Preview Content\"";
				ENABLE_PREVIEWS = YES;
				GENERATE_INFOPLIST_FILE = YES;
				"INFOPLIST_KEY_UIApplicationSceneManifest_Generation[sdk=iphoneos*]" = YES;
				"INFOPLIST_KEY_UIApplicationSceneManifest_Generation[sdk=iphonesimulator*]" = YES;
				"INFOPLIST_KEY_UIApplicationSupportsIndirectInputEvents[sdk=iphoneos*]" = YES;
				"INFOPLIST_KEY_UIApplicationSupportsIndirectInputEvents[sdk=iphonesimulator*]" = YES;
				"INFOPLIST_KEY_UILaunchScreen_Generation[sdk=iphoneos*]" = YES;
				"INFOPLIST_KEY_UILaunchScreen_Generation[sdk=iphonesimulator*]" = YES;
				"INFOPLIST_KEY_UIStatusBarStyle[sdk=iphoneos*]" = UIStatusBarStyleDefault;
				"INFOPLIST_KEY_UIStatusBarStyle[sdk=iphonesimulator*]" = UIStatusBarStyleDefault;
				INFOPLIST_KEY_UISupportedInterfaceOrientations_iPad = "UIInterfaceOrientationPortrait UIInterfaceOrientationPortraitUpsideDown UIInterfaceOrientationLandscapeLeft UIInterfaceOrientationLandscapeRight";
				INFOPLIST_KEY_UISupportedInterfaceOrientations_iPhone = "UIInterfaceOrientationPortrait UIInterfaceOrientationLandscapeLeft UIInterfaceOrientationLandscapeRight";
				IPHONEOS_DEPLOYMENT_TARGET = 16.4;
				LD_RUNPATH_SEARCH_PATHS = "@executable_path/Frameworks";
				"LD_RUNPATH_SEARCH_PATHS[sdk=macosx*]" = "@executable_path/../Frameworks";
				MACOSX_DEPLOYMENT_TARGET = 13.3;
				MARKETING_VERSION = 1.0;
				PRODUCT_BUNDLE_IDENTIFIER = johnny.iOSFamilyHub;
				PRODUCT_NAME = "$(TARGET_NAME)";
				SDKROOT = auto;
				SUPPORTED_PLATFORMS = "iphoneos iphonesimulator macosx";
				SWIFT_EMIT_LOC_STRINGS = YES;
				SWIFT_VERSION = 5.0;
				TARGETED_DEVICE_FAMILY = "1,2";
			};
			name = Debug;
		};
		40A7A3672AA6F9CB0037A258 /* Release */ = {
			isa = XCBuildConfiguration;
			buildSettings = {
				ASSETCATALOG_COMPILER_APPICON_NAME = AppIcon;
				ASSETCATALOG_COMPILER_GLOBAL_ACCENT_COLOR_NAME = AccentColor;
				CODE_SIGN_ENTITLEMENTS = iOSFamilyHub/iOSFamilyHub.entitlements;
				CODE_SIGN_STYLE = Automatic;
				CURRENT_PROJECT_VERSION = 1;
				DEVELOPMENT_ASSET_PATHS = "\"iOSFamilyHub/Preview Content\"";
				ENABLE_PREVIEWS = YES;
				GENERATE_INFOPLIST_FILE = YES;
				"INFOPLIST_KEY_UIApplicationSceneManifest_Generation[sdk=iphoneos*]" = YES;
				"INFOPLIST_KEY_UIApplicationSceneManifest_Generation[sdk=iphonesimulator*]" = YES;
				"INFOPLIST_KEY_UIApplicationSupportsIndirectInputEvents[sdk=iphoneos*]" = YES;
				"INFOPLIST_KEY_UIApplicationSupportsIndirectInputEvents[sdk=iphonesimulator*]" = YES;
				"INFOPLIST_KEY_UILaunchScreen_Generation[sdk=iphoneos*]" = YES;
				"INFOPLIST_KEY_UILaunchScreen_Generation[sdk=iphonesimulator*]" = YES;
				"INFOPLIST_KEY_UIStatusBarStyle[sdk=iphoneos*]" = UIStatusBarStyleDefault;
				"INFOPLIST_KEY_UIStatusBarStyle[sdk=iphonesimulator*]" = UIStatusBarStyleDefault;
				INFOPLIST_KEY_UISupportedInterfaceOrientations_iPad = "UIInterfaceOrientationPortrait UIInterfaceOrientationPortraitUpsideDown UIInterfaceOrientationLandscapeLeft UIInterfaceOrientationLandscapeRight";
				INFOPLIST_KEY_UISupportedInterfaceOrientations_iPhone = "UIInterfaceOrientationPortrait UIInterfaceOrientationLandscapeLeft UIInterfaceOrientationLandscapeRight";
				IPHONEOS_DEPLOYMENT_TARGET = 16.4;
				LD_RUNPATH_SEARCH_PATHS = "@executable_path/Frameworks";
				"LD_RUNPATH_SEARCH_PATHS[sdk=macosx*]" = "@executable_path/../Frameworks";
				MACOSX_DEPLOYMENT_TARGET = 13.3;
				MARKETING_VERSION = 1.0;
				PRODUCT_BUNDLE_IDENTIFIER = johnny.iOSFamilyHub;
				PRODUCT_NAME = "$(TARGET_NAME)";
				SDKROOT = auto;
				SUPPORTED_PLATFORMS = "iphoneos iphonesimulator macosx";
				SWIFT_EMIT_LOC_STRINGS = YES;
				SWIFT_VERSION = 5.0;
				TARGETED_DEVICE_FAMILY = "1,2";
			};
			name = Release;
		};
/* End XCBuildConfiguration section */

/* Begin XCConfigurationList section */
		40A7A3512AA6F9CA0037A258 /* Build configuration list for PBXProject "iOSFamilyHub" */ = {
			isa = XCConfigurationList;
			buildConfigurations = (
				40A7A3632AA6F9CB0037A258 /* Debug */,
				40A7A3642AA6F9CB0037A258 /* Release */,
			);
			defaultConfigurationIsVisible = 0;
			defaultConfigurationName = Release;
		};
		40A7A3652AA6F9CB0037A258 /* Build configuration list for PBXNativeTarget "iOSFamilyHub" */ = {
			isa = XCConfigurationList;
			buildConfigurations = (
				40A7A3662AA6F9CB0037A258 /* Debug */,
				40A7A3672AA6F9CB0037A258 /* Release */,
			);
			defaultConfigurationIsVisible = 0;
			defaultConfigurationName = Release;
		};
/* End XCConfigurationList section */
	};
	rootObject = 40A7A34E2AA6F9CA0037A258 /* Project object */;
}
